
Microsoft Visual Studio Solution File, Format Version 12.00
# Visual Studio Version 16
VisualStudioVersion = 16.0.32126.315
MinimumVisualStudioVersion = 10.0.40219.1
Project("{FAE04EC0-301F-11D3-BF4B-00C04F79EFBC}") = "App3", "App3\App3.csproj", "{572FC9AB-6C58-418C-86A7-2611D869D67B}"
EndProject
Global
	GlobalSection(SolutionConfigurationPlatforms) = preSolution
		Debug|Any CPU = Debug|Any CPU
		Release|Any CPU = Release|Any CPU
	EndGlobalSection
	GlobalSection(ProjectConfigurationPlatforms) = postSolution
		{572FC9AB-6C58-418C-86A7-2611D869D67B}.Debug|Any CPU.ActiveCfg = Debug|Any CPU
		{572FC9AB-6C58-418C-86A7-2611D869D67B}.Debug|Any CPU.Build.0 = Debug|Any CPU
		{572FC9AB-6C58-418C-86A7-2611D869D67B}.Release|Any CPU.ActiveCfg = Release|Any CPU
		{572FC9AB-6C58-418C-86A7-2611D869D67B}.Release|Any CPU.Build.0 = Release|Any CPU
	EndGlobalSection
	GlobalSection(SolutionProperties) = preSolution
		HideSolutionNode = FALSE
	EndGlobalSection
	GlobalSection(ExtensibilityGlobals) = postSolution
		SolutionGuid = {5F3AC2C4-C8D8-4E04-BEDC-6FDAB74D9B51}
	EndGlobalSection
EndGlobal
