
Microsoft Visual Studio Solution File, Format Version 12.00
# Visual Studio Version 16
VisualStudioVersion = 16.0.32126.315
MinimumVisualStudioVersion = 10.0.40219.1
Project("{FAE04EC0-301F-11D3-BF4B-00C04F79EFBC}") = "P1", "Practica1\P1.csproj", "{73AF7D62-1D52-43D5-813A-753DC0D6A2D8}"
EndProject
Global
	GlobalSection(SolutionConfigurationPlatforms) = preSolution
		Debug|Any CPU = Debug|Any CPU
		Release|Any CPU = Release|Any CPU
	EndGlobalSection
	GlobalSection(ProjectConfigurationPlatforms) = postSolution
		{73AF7D62-1D52-43D5-813A-753DC0D6A2D8}.Debug|Any CPU.ActiveCfg = Debug|Any CPU
		{73AF7D62-1D52-43D5-813A-753DC0D6A2D8}.Debug|Any CPU.Build.0 = Debug|Any CPU
		{73AF7D62-1D52-43D5-813A-753DC0D6A2D8}.Release|Any CPU.ActiveCfg = Release|Any CPU
		{73AF7D62-1D52-43D5-813A-753DC0D6A2D8}.Release|Any CPU.Build.0 = Release|Any CPU
	EndGlobalSection
	GlobalSection(SolutionProperties) = preSolution
		HideSolutionNode = FALSE
	EndGlobalSection
	GlobalSection(ExtensibilityGlobals) = postSolution
		SolutionGuid = {6A7514A1-981B-4286-A2A0-785489E5DB75}
	EndGlobalSection
EndGlobal
