
Microsoft Visual Studio Solution File, Format Version 12.00
# Visual Studio Version 17
VisualStudioVersion = 17.1.32210.238
MinimumVisualStudioVersion = 10.0.40219.1
Project("{FAE04EC0-301F-11D3-BF4B-00C04F79EFBC}") = "Canvas", "Canvas\Canvas.csproj", "{DBB462F3-1A89-45F3-BF9F-DAA5CD58F3D9}"
EndProject
Global
	GlobalSection(SolutionConfigurationPlatforms) = preSolution
		Debug|Any CPU = Debug|Any CPU
		Release|Any CPU = Release|Any CPU
	EndGlobalSection
	GlobalSection(ProjectConfigurationPlatforms) = postSolution
		{DBB462F3-1A89-45F3-BF9F-DAA5CD58F3D9}.Debug|Any CPU.ActiveCfg = Debug|Any CPU
		{DBB462F3-1A89-45F3-BF9F-DAA5CD58F3D9}.Debug|Any CPU.Build.0 = Debug|Any CPU
		{DBB462F3-1A89-45F3-BF9F-DAA5CD58F3D9}.Release|Any CPU.ActiveCfg = Release|Any CPU
		{DBB462F3-1A89-45F3-BF9F-DAA5CD58F3D9}.Release|Any CPU.Build.0 = Release|Any CPU
	EndGlobalSection
	GlobalSection(SolutionProperties) = preSolution
		HideSolutionNode = FALSE
	EndGlobalSection
	GlobalSection(ExtensibilityGlobals) = postSolution
		SolutionGuid = {4ED324F3-799D-40D2-911A-953273346614}
	EndGlobalSection
EndGlobal
